// !$*UTF8*$!
{
	archiveVersion = 1;
	classes = {
	};
	objectVersion = 56;
	objects = {

/* Begin PBXBuildFile section */
		2A086CE429D4B7AB00D53EFD /* ContactFetchAppApp.swift in Sources */ = {isa = PBXBuildFile; fileRef = 2A086CE329D4B7AB00D53EFD /* ContactFetchAppApp.swift */; };
		2A086CE629D4B7AB00D53EFD /* ContentView.swift in Sources */ = {isa = PBXBuildFile; fileRef = 2A086CE529D4B7AB00D53EFD /* ContentView.swift */; };
		2A086CE829D4B7AC00D53EFD /* Assets.xcassets in Resources */ = {isa = PBXBuildFile; fileRef = 2A086CE729D4B7AC00D53EFD /* Assets.xcassets */; };
		2A086CEB29D4B7AC00D53EFD /* Preview Assets.xcassets in Resources */ = {isa = PBXBuildFile; fileRef = 2A086CEA29D4B7AC00D53EFD /* Preview Assets.xcassets */; };
		2A086CF529D4B7F200D53EFD /* ContactFetch in Frameworks */ = {isa = PBXBuildFile; productRef = 2A086CF429D4B7F200D53EFD /* ContactFetch */; };
		2A086CF729D4B9DB00D53EFD /* ContactKeys.swift in Sources */ = {isa = PBXBuildFile; fileRef = 2A086CF629D4B9DB00D53EFD /* ContactKeys.swift */; };
		2A086CF929D4BB3100D53EFD /* ContentViewModel.swift in Sources */ = {isa = PBXBuildFile; fileRef = 2A086CF829D4BB3100D53EFD /* ContentViewModel.swift */; };
/* End PBXBuildFile section */

/* Begin PBXFileReference section */
		2A086CE029D4B7AB00D53EFD /* ContactFetchApp.app */ = {isa = PBXFileReference; explicitFileType = wrapper.application; includeInIndex = 0; path = ContactFetchApp.app; sourceTree = BUILT_PRODUCTS_DIR; };
		2A086CE329D4B7AB00D53EFD /* ContactFetchAppApp.swift */ = {isa = PBXFileReference; lastKnownFileType = sourcecode.swift; path = ContactFetchAppApp.swift; sourceTree = "<group>"; };
		2A086CE529D4B7AB00D53EFD /* ContentView.swift */ = {isa = PBXFileReference; lastKnownFileType = sourcecode.swift; path = ContentView.swift; sourceTree = "<group>"; };
		2A086CE729D4B7AC00D53EFD /* Assets.xcassets */ = {isa = PBXFileReference; lastKnownFileType = folder.assetcatalog; path = Assets.xcassets; sourceTree = "<group>"; };
		2A086CEA29D4B7AC00D53EFD /* Preview Assets.xcassets */ = {isa = PBXFileReference; lastKnownFileType = folder.assetcatalog; path = "Preview Assets.xcassets"; sourceTree = "<group>"; };
		2A086CF129D4B7B500D53EFD /* swift-fetch-contacts-benchmark */ = {isa = PBXFileReference; lastKnownFileType = wrapper; name = "swift-fetch-contacts-benchmark"; path = ..; sourceTree = "<group>"; };
		2A086CF229D4B7E600D53EFD /* Info.plist */ = {isa = PBXFileReference; lastKnownFileType = text.plist; path = Info.plist; sourceTree = "<group>"; };
		2A086CF629D4B9DB00D53EFD /* ContactKeys.swift */ = {isa = PBXFileReference; lastKnownFileType = sourcecode.swift; path = ContactKeys.swift; sourceTree = "<group>"; };
		2A086CF829D4BB3100D53EFD /* ContentViewModel.swift */ = {isa = PBXFileReference; lastKnownFileType = sourcecode.swift; path = ContentViewModel.swift; sourceTree = "<group>"; };
/* End PBXFileReference section */

/* Begin PBXFrameworksBuildPhase section */
		2A086CDD29D4B7AB00D53EFD /* Frameworks */ = {
			isa = PBXFrameworksBuildPhase;
			buildActionMask = 2147483647;
			files = (
				2A086CF529D4B7F200D53EFD /* ContactFetch in Frameworks */,
			);
			runOnlyForDeploymentPostprocessing = 0;
		};
/* End PBXFrameworksBuildPhase section */

/* Begin PBXGroup section */
		2A086CD729D4B7AB00D53EFD = {
			isa = PBXGroup;
			children = (
				2A086CF129D4B7B500D53EFD /* swift-fetch-contacts-benchmark */,
				2A086CE229D4B7AB00D53EFD /* ContactFetchApp */,
				2A086CE129D4B7AB00D53EFD /* Products */,
				2A086CF329D4B7F200D53EFD /* Frameworks */,
			);
			sourceTree = "<group>";
		};
		2A086CE129D4B7AB00D53EFD /* Products */ = {
			isa = PBXGroup;
			children = (
				2A086CE029D4B7AB00D53EFD /* ContactFetchApp.app */,
			);
			name = Products;
			sourceTree = "<group>";
		};
		2A086CE229D4B7AB00D53EFD /* ContactFetchApp */ = {
			isa = PBXGroup;
			children = (
				2A086CF229D4B7E600D53EFD /* Info.plist */,
				2A086CE329D4B7AB00D53EFD /* ContactFetchAppApp.swift */,
				2A086CE529D4B7AB00D53EFD /* ContentView.swift */,
				2A086CF829D4BB3100D53EFD /* ContentViewModel.swift */,
				2A086CF629D4B9DB00D53EFD /* ContactKeys.swift */,
				2A086CE729D4B7AC00D53EFD /* Assets.xcassets */,
				2A086CE929D4B7AC00D53EFD /* Preview Content */,
			);
			path = ContactFetchApp;
			sourceTree = "<group>";
		};
		2A086CE929D4B7AC00D53EFD /* Preview Content */ = {
			isa = PBXGroup;
			children = (
				2A086CEA29D4B7AC00D53EFD /* Preview Assets.xcassets */,
			);
			path = "Preview Content";
			sourceTree = "<group>";
		};
		2A086CF329D4B7F200D53EFD /* Frameworks */ = {
			isa = PBXGroup;
			children = (
			);
			name = Frameworks;
			sourceTree = "<group>";
		};
/* End PBXGroup section */

/* Begin PBXNativeTarget section */
		2A086CDF29D4B7AB00D53EFD /* ContactFetchApp */ = {
			isa = PBXNativeTarget;
			buildConfigurationList = 2A086CEE29D4B7AC00D53EFD /* Build configuration list for PBXNativeTarget "ContactFetchApp" */;
			buildPhases = (
				2A086CDC29D4B7AB00D53EFD /* Sources */,
				2A086CDD29D4B7AB00D53EFD /* Frameworks */,
				2A086CDE29D4B7AB00D53EFD /* Resources */,
			);
			buildRules = (
			);
			dependencies = (
			);
			name = ContactFetchApp;
			packageProductDependencies = (
				2A086CF429D4B7F200D53EFD /* ContactFetch */,
			);
			productName = ContactFetchApp;
			productReference = 2A086CE029D4B7AB00D53EFD /* ContactFetchApp.app */;
			productType = "com.apple.product-type.application";
		};
/* End PBXNativeTarget section */

/* Begin PBXProject section */
		2A086CD829D4B7AB00D53EFD /* Project object */ = {
			isa = PBXProject;
			attributes = {
				BuildIndependentTargetsInParallel = 1;
				LastSwiftUpdateCheck = 1420;
				LastUpgradeCheck = 1420;
				TargetAttributes = {
					2A086CDF29D4B7AB00D53EFD = {
						CreatedOnToolsVersion = 14.2;
					};
				};
			};
			buildConfigurationList = 2A086CDB29D4B7AB00D53EFD /* Build configuration list for PBXProject "ContactFetchApp" */;
			compatibilityVersion = "Xcode 14.0";
			developmentRegion = en;
			hasScannedForEncodings = 0;
			knownRegions = (
				en,
				Base,
			);
			mainGroup = 2A086CD729D4B7AB00D53EFD;
			productRefGroup = 2A086CE129D4B7AB00D53EFD /* Products */;
			projectDirPath = "";
			projectRoot = "";
			targets = (
				2A086CDF29D4B7AB00D53EFD /* ContactFetchApp */,
			);
		};
/* End PBXProject section */

/* Begin PBXResourcesBuildPhase section */
		2A086CDE29D4B7AB00D53EFD /* Resources */ = {
			isa = PBXResourcesBuildPhase;
			buildActionMask = 2147483647;
			files = (
				2A086CEB29D4B7AC00D53EFD /* Preview Assets.xcassets in Resources */,
				2A086CE829D4B7AC00D53EFD /* Assets.xcassets in Resources */,
			);
			runOnlyForDeploymentPostprocessing = 0;
		};
/* End PBXResourcesBuildPhase section */

/* Begin PBXSourcesBuildPhase section */
		2A086CDC29D4B7AB00D53EFD /* Sources */ = {
			isa = PBXSourcesBuildPhase;
			buildActionMask = 2147483647;
			files = (
				2A086CF929D4BB3100D53EFD /* ContentViewModel.swift in Sources */,
				2A086CE629D4B7AB00D53EFD /* ContentView.swift in Sources */,
				2A086CF729D4B9DB00D53EFD /* ContactKeys.swift in Sources */,
				2A086CE429D4B7AB00D53EFD /* ContactFetchAppApp.swift in Sources */,
			);
			runOnlyForDeploymentPostprocessing = 0;
		};
/* End PBXSourcesBuildPhase section */

/* Begin XCBuildConfiguration section */
		2A086CEC29D4B7AC00D53EFD /* Debug */ = {
			isa = XCBuildConfiguration;
			buildSettings = {
				ALWAYS_SEARCH_USER_PATHS = NO;
				CLANG_ANALYZER_NONNULL = YES;
				CLANG_ANALYZER_NUMBER_OBJECT_CONVERSION = YES_AGGRESSIVE;
				CLANG_CXX_LANGUAGE_STANDARD = "gnu++20";
				CLANG_ENABLE_MODULES = YES;
				CLANG_ENABLE_OBJC_ARC = YES;
				CLANG_ENABLE_OBJC_WEAK = YES;
				CLANG_WARN_BLOCK_CAPTURE_AUTORELEASING = YES;
				CLANG_WARN_BOOL_CONVERSION = YES;
				CLANG_WARN_COMMA = YES;
				CLANG_WARN_CONSTANT_CONVERSION = YES;
				CLANG_WARN_DEPRECATED_OBJC_IMPLEMENTATIONS = YES;
				CLANG_WARN_DIRECT_OBJC_ISA_USAGE = YES_ERROR;
				CLANG_WARN_DOCUMENTATION_COMMENTS = YES;
				CLANG_WARN_EMPTY_BODY = YES;
				CLANG_WARN_ENUM_CONVERSION = YES;
				CLANG_WARN_INFINITE_RECURSION = YES;
				CLANG_WARN_INT_CONVERSION = YES;
				CLANG_WARN_NON_LITERAL_NULL_CONVERSION = YES;
				CLANG_WARN_OBJC_IMPLICIT_RETAIN_SELF = YES;
				CLANG_WARN_OBJC_LITERAL_CONVERSION = YES;
				CLANG_WARN_OBJC_ROOT_CLASS = YES_ERROR;
				CLANG_WARN_QUOTED_INCLUDE_IN_FRAMEWORK_HEADER = YES;
				CLANG_WARN_RANGE_LOOP_ANALYSIS = YES;
				CLANG_WARN_STRICT_PROTOTYPES = YES;
				CLANG_WARN_SUSPICIOUS_MOVE = YES;
				CLANG_WARN_UNGUARDED_AVAILABILITY = YES_AGGRESSIVE;
				CLANG_WARN_UNREACHABLE_CODE = YES;
				CLANG_WARN__DUPLICATE_METHOD_MATCH = YES;
				COPY_PHASE_STRIP = NO;
				DEBUG_INFORMATION_FORMAT = dwarf;
				ENABLE_STRICT_OBJC_MSGSEND = YES;
				ENABLE_TESTABILITY = YES;
				GCC_C_LANGUAGE_STANDARD = gnu11;
				GCC_DYNAMIC_NO_PIC = NO;
				GCC_NO_COMMON_BLOCKS = YES;
				GCC_OPTIMIZATION_LEVEL = 0;
				GCC_PREPROCESSOR_DEFINITIONS = (
					"DEBUG=1",
					"$(inherited)",
				);
				GCC_WARN_64_TO_32_BIT_CONVERSION = YES;
				GCC_WARN_ABOUT_RETURN_TYPE = YES_ERROR;
				GCC_WARN_UNDECLARED_SELECTOR = YES;
				GCC_WARN_UNINITIALIZED_AUTOS = YES_AGGRESSIVE;
				GCC_WARN_UNUSED_FUNCTION = YES;
				GCC_WARN_UNUSED_VARIABLE = YES;
				IPHONEOS_DEPLOYMENT_TARGET = 16.2;
				MTL_ENABLE_DEBUG_INFO = INCLUDE_SOURCE;
				MTL_FAST_MATH = YES;
				ONLY_ACTIVE_ARCH = YES;
				SDKROOT = iphoneos;
				SWIFT_ACTIVE_COMPILATION_CONDITIONS = DEBUG;
				SWIFT_OPTIMIZATION_LEVEL = "-Onone";
			};
			name = Debug;
		};
		2A086CED29D4B7AC00D53EFD /* Release */ = {
			isa = XCBuildConfiguration;
			buildSettings = {
				ALWAYS_SEARCH_USER_PATHS = NO;
				CLANG_ANALYZER_NONNULL = YES;
				CLANG_ANALYZER_NUMBER_OBJECT_CONVERSION = YES_AGGRESSIVE;
				CLANG_CXX_LANGUAGE_STANDARD = "gnu++20";
				CLANG_ENABLE_MODULES = YES;
				CLANG_ENABLE_OBJC_ARC = YES;
				CLANG_ENABLE_OBJC_WEAK = YES;
				CLANG_WARN_BLOCK_CAPTURE_AUTORELEASING = YES;
				CLANG_WARN_BOOL_CONVERSION = YES;
				CLANG_WARN_COMMA = YES;
				CLANG_WARN_CONSTANT_CONVERSION = YES;
				CLANG_WARN_DEPRECATED_OBJC_IMPLEMENTATIONS = YES;
				CLANG_WARN_DIRECT_OBJC_ISA_USAGE = YES_ERROR;
				CLANG_WARN_DOCUMENTATION_COMMENTS = YES;
				CLANG_WARN_EMPTY_BODY = YES;
				CLANG_WARN_ENUM_CONVERSION = YES;
				CLANG_WARN_INFINITE_RECURSION = YES;
				CLANG_WARN_INT_CONVERSION = YES;
				CLANG_WARN_NON_LITERAL_NULL_CONVERSION = YES;
				CLANG_WARN_OBJC_IMPLICIT_RETAIN_SELF = YES;
				CLANG_WARN_OBJC_LITERAL_CONVERSION = YES;
				CLANG_WARN_OBJC_ROOT_CLASS = YES_ERROR;
				CLANG_WARN_QUOTED_INCLUDE_IN_FRAMEWORK_HEADER = YES;
				CLANG_WARN_RANGE_LOOP_ANALYSIS = YES;
				CLANG_WARN_STRICT_PROTOTYPES = YES;
				CLANG_WARN_SUSPICIOUS_MOVE = YES;
				CLANG_WARN_UNGUARDED_AVAILABILITY = YES_AGGRESSIVE;
				CLANG_WARN_UNREACHABLE_CODE = YES;
				CLANG_WARN__DUPLICATE_METHOD_MATCH = YES;
				COPY_PHASE_STRIP = NO;
				DEBUG_INFORMATION_FORMAT = "dwarf-with-dsym";
				ENABLE_NS_ASSERTIONS = NO;
				ENABLE_STRICT_OBJC_MSGSEND = YES;
				GCC_C_LANGUAGE_STANDARD = gnu11;
				GCC_NO_COMMON_BLOCKS = YES;
				GCC_WARN_64_TO_32_BIT_CONVERSION = YES;
				GCC_WARN_ABOUT_RETURN_TYPE = YES_ERROR;
				GCC_WARN_UNDECLARED_SELECTOR = YES;
				GCC_WARN_UNINITIALIZED_AUTOS = YES_AGGRESSIVE;
				GCC_WARN_UNUSED_FUNCTION = YES;
				GCC_WARN_UNUSED_VARIABLE = YES;
				IPHONEOS_DEPLOYMENT_TARGET = 16.2;
				MTL_ENABLE_DEBUG_INFO = NO;
				MTL_FAST_MATH = YES;
				SDKROOT = iphoneos;
				SWIFT_COMPILATION_MODE = wholemodule;
				SWIFT_OPTIMIZATION_LEVEL = "-O";
				VALIDATE_PRODUCT = YES;
			};
			name = Release;
		};
		2A086CEF29D4B7AC00D53EFD /* Debug */ = {
			isa = XCBuildConfiguration;
			buildSettings = {
				ASSETCATALOG_COMPILER_APPICON_NAME = AppIcon;
				ASSETCATALOG_COMPILER_GLOBAL_ACCENT_COLOR_NAME = AccentColor;
				CODE_SIGN_STYLE = Automatic;
				CURRENT_PROJECT_VERSION = 1;
				DEVELOPMENT_ASSET_PATHS = "\"ContactFetchApp/Preview Content\"";
				DEVELOPMENT_TEAM = VRVJ9YNRQU;
				ENABLE_PREVIEWS = YES;
				GENERATE_INFOPLIST_FILE = YES;
				INFOPLIST_FILE = ContactFetchApp/Info.plist;
				INFOPLIST_KEY_UIApplicationSceneManifest_Generation = YES;
				INFOPLIST_KEY_UIApplicationSupportsIndirectInputEvents = YES;
				INFOPLIST_KEY_UILaunchScreen_Generation = YES;
				INFOPLIST_KEY_UISupportedInterfaceOrientations_iPad = "UIInterfaceOrientationPortrait UIInterfaceOrientationPortraitUpsideDown UIInterfaceOrientationLandscapeLeft UIInterfaceOrientationLandscapeRight";
				INFOPLIST_KEY_UISupportedInterfaceOrientations_iPhone = "UIInterfaceOrientationPortrait UIInterfaceOrientationLandscapeLeft UIInterfaceOrientationLandscapeRight";
				LD_RUNPATH_SEARCH_PATHS = (
					"$(inherited)",
					"@executable_path/Frameworks",
				);
				MARKETING_VERSION = 1.0;
				PRODUCT_BUNDLE_IDENTIFIER = photo.igor.ContactFetchApp;
				PRODUCT_NAME = "$(TARGET_NAME)";
				SWIFT_EMIT_LOC_STRINGS = YES;
				SWIFT_VERSION = 5.0;
				TARGETED_DEVICE_FAMILY = "1,2";
			};
			name = Debug;
		};
		2A086CF029D4B7AC00D53EFD /* Release */ = {
			isa = XCBuildConfiguration;
			buildSettings = {
				ASSETCATALOG_COMPILER_APPICON_NAME = AppIcon;
				ASSETCATALOG_COMPILER_GLOBAL_ACCENT_COLOR_NAME = AccentColor;
				CODE_SIGN_STYLE = Automatic;
				CURRENT_PROJECT_VERSION = 1;
				DEVELOPMENT_ASSET_PATHS = "\"ContactFetchApp/Preview Content\"";
				DEVELOPMENT_TEAM = VRVJ9YNRQU;
				ENABLE_PREVIEWS = YES;
				GENERATE_INFOPLIST_FILE = YES;
				INFOPLIST_FILE = ContactFetchApp/Info.plist;
				INFOPLIST_KEY_UIApplicationSceneManifest_Generation = YES;
				INFOPLIST_KEY_UIApplicationSupportsIndirectInputEvents = YES;
				INFOPLIST_KEY_UILaunchScreen_Generation = YES;
				INFOPLIST_KEY_UISupportedInterfaceOrientations_iPad = "UIInterfaceOrientationPortrait UIInterfaceOrientationPortraitUpsideDown UIInterfaceOrientationLandscapeLeft UIInterfaceOrientationLandscapeRight";
				INFOPLIST_KEY_UISupportedInterfaceOrientations_iPhone = "UIInterfaceOrientationPortrait UIInterfaceOrientationLandscapeLeft UIInterfaceOrientationLandscapeRight";
				LD_RUNPATH_SEARCH_PATHS = (
					"$(inherited)",
					"@executable_path/Frameworks",
				);
				MARKETING_VERSION = 1.0;
				PRODUCT_BUNDLE_IDENTIFIER = photo.igor.ContactFetchApp;
				PRODUCT_NAME = "$(TARGET_NAME)";
				SWIFT_EMIT_LOC_STRINGS = YES;
				SWIFT_VERSION = 5.0;
				TARGETED_DEVICE_FAMILY = "1,2";
			};
			name = Release;
		};
/* End XCBuildConfiguration section */

/* Begin XCConfigurationList section */
		2A086CDB29D4B7AB00D53EFD /* Build configuration list for PBXProject "ContactFetchApp" */ = {
			isa = XCConfigurationList;
			buildConfigurations = (
				2A086CEC29D4B7AC00D53EFD /* Debug */,
				2A086CED29D4B7AC00D53EFD /* Release */,
			);
			defaultConfigurationIsVisible = 0;
			defaultConfigurationName = Release;
		};
		2A086CEE29D4B7AC00D53EFD /* Build configuration list for PBXNativeTarget "ContactFetchApp" */ = {
			isa = XCConfigurationList;
			buildConfigurations = (
				2A086CEF29D4B7AC00D53EFD /* Debug */,
				2A086CF029D4B7AC00D53EFD /* Release */,
			);
			defaultConfigurationIsVisible = 0;
			defaultConfigurationName = Release;
		};
/* End XCConfigurationList section */

/* Begin XCSwiftPackageProductDependency section */
		2A086CF429D4B7F200D53EFD /* ContactFetch */ = {
			isa = XCSwiftPackageProductDependency;
			productName = ContactFetch;
		};
/* End XCSwiftPackageProductDependency section */
	};
	rootObject = 2A086CD829D4B7AB00D53EFD /* Project object */;
}
